
Microsoft Visual Studio Solution File, Format Version 12.00
# Visual Studio Version 16
VisualStudioVersion = 16.0.29123.88
MinimumVisualStudioVersion = 15.0.26124.0
Project("{2150E333-8FDC-42A3-9474-1A3956D46DE8}") = "src", "src", "{5029FB26-C769-4ABE-9537-CB32201DD97C}"
EndProject
Project("{9A19103F-16F7-4668-BE54-9A1E7A4F7556}") = "Sceny.TaskQueue", "src\TaskQueue\Sceny.TaskQueue.csproj", "{7C544428-D382-417C-A693-7447AC6E46F6}"
EndProject
Project("{2150E333-8FDC-42A3-9474-1A3956D46DE8}") = "tests", "tests", "{BBA7A03B-170C-45D6-AA3F-A63D9E2C6A21}"
EndProject
Project("{9A19103F-16F7-4668-BE54-9A1E7A4F7556}") = "Sceny.TaskQueue.Tests", "tests\TaskQueue\Sceny.TaskQueue.Tests.csproj", "{368425F8-3D3F-4290-A546-FE50FF6D5561}"
EndProject
Project("{FAE04EC0-301F-11D3-BF4B-00C04F79EFBC}") = "TaskQueue.Benchmark", "tests\TaskQueue.Benchmark\TaskQueue.Benchmark.csproj", "{1317C260-1CBB-4C99-BFF3-52C5FF036338}"
EndProject
Global
	GlobalSection(SolutionConfigurationPlatforms) = preSolution
		Debug|Any CPU = Debug|Any CPU
		Debug|x64 = Debug|x64
		Debug|x86 = Debug|x86
		Release|Any CPU = Release|Any CPU
		Release|x64 = Release|x64
		Release|x86 = Release|x86
	EndGlobalSection
	GlobalSection(ProjectConfigurationPlatforms) = postSolution
		{7C544428-D382-417C-A693-7447AC6E46F6}.Debug|Any CPU.ActiveCfg = Debug|Any CPU
		{7C544428-D382-417C-A693-7447AC6E46F6}.Debug|Any CPU.Build.0 = Debug|Any CPU
		{7C544428-D382-417C-A693-7447AC6E46F6}.Debug|x64.ActiveCfg = Debug|Any CPU
		{7C544428-D382-417C-A693-7447AC6E46F6}.Debug|x64.Build.0 = Debug|Any CPU
		{7C544428-D382-417C-A693-7447AC6E46F6}.Debug|x86.ActiveCfg = Debug|Any CPU
		{7C544428-D382-417C-A693-7447AC6E46F6}.Debug|x86.Build.0 = Debug|Any CPU
		{7C544428-D382-417C-A693-7447AC6E46F6}.Release|Any CPU.ActiveCfg = Release|Any CPU
		{7C544428-D382-417C-A693-7447AC6E46F6}.Release|Any CPU.Build.0 = Release|Any CPU
		{7C544428-D382-417C-A693-7447AC6E46F6}.Release|x64.ActiveCfg = Release|Any CPU
		{7C544428-D382-417C-A693-7447AC6E46F6}.Release|x64.Build.0 = Release|Any CPU
		{7C544428-D382-417C-A693-7447AC6E46F6}.Release|x86.ActiveCfg = Release|Any CPU
		{7C544428-D382-417C-A693-7447AC6E46F6}.Release|x86.Build.0 = Release|Any CPU
		{368425F8-3D3F-4290-A546-FE50FF6D5561}.Debug|Any CPU.ActiveCfg = Debug|Any CPU
		{368425F8-3D3F-4290-A546-FE50FF6D5561}.Debug|Any CPU.Build.0 = Debug|Any CPU
		{368425F8-3D3F-4290-A546-FE50FF6D5561}.Debug|x64.ActiveCfg = Debug|Any CPU
		{368425F8-3D3F-4290-A546-FE50FF6D5561}.Debug|x64.Build.0 = Debug|Any CPU
		{368425F8-3D3F-4290-A546-FE50FF6D5561}.Debug|x86.ActiveCfg = Debug|Any CPU
		{368425F8-3D3F-4290-A546-FE50FF6D5561}.Debug|x86.Build.0 = Debug|Any CPU
		{368425F8-3D3F-4290-A546-FE50FF6D5561}.Release|Any CPU.ActiveCfg = Release|Any CPU
		{368425F8-3D3F-4290-A546-FE50FF6D5561}.Release|Any CPU.Build.0 = Release|Any CPU
		{368425F8-3D3F-4290-A546-FE50FF6D5561}.Release|x64.ActiveCfg = Release|Any CPU
		{368425F8-3D3F-4290-A546-FE50FF6D5561}.Release|x64.Build.0 = Release|Any CPU
		{368425F8-3D3F-4290-A546-FE50FF6D5561}.Release|x86.ActiveCfg = Release|Any CPU
		{368425F8-3D3F-4290-A546-FE50FF6D5561}.Release|x86.Build.0 = Release|Any CPU
		{1317C260-1CBB-4C99-BFF3-52C5FF036338}.Debug|Any CPU.ActiveCfg = Debug|Any CPU
		{1317C260-1CBB-4C99-BFF3-52C5FF036338}.Debug|Any CPU.Build.0 = Debug|Any CPU
		{1317C260-1CBB-4C99-BFF3-52C5FF036338}.Debug|x64.ActiveCfg = Debug|Any CPU
		{1317C260-1CBB-4C99-BFF3-52C5FF036338}.Debug|x64.Build.0 = Debug|Any CPU
		{1317C260-1CBB-4C99-BFF3-52C5FF036338}.Debug|x86.ActiveCfg = Debug|Any CPU
		{1317C260-1CBB-4C99-BFF3-52C5FF036338}.Debug|x86.Build.0 = Debug|Any CPU
		{1317C260-1CBB-4C99-BFF3-52C5FF036338}.Release|Any CPU.ActiveCfg = Release|Any CPU
		{1317C260-1CBB-4C99-BFF3-52C5FF036338}.Release|Any CPU.Build.0 = Release|Any CPU
		{1317C260-1CBB-4C99-BFF3-52C5FF036338}.Release|x64.ActiveCfg = Release|Any CPU
		{1317C260-1CBB-4C99-BFF3-52C5FF036338}.Release|x64.Build.0 = Release|Any CPU
		{1317C260-1CBB-4C99-BFF3-52C5FF036338}.Release|x86.ActiveCfg = Release|Any CPU
		{1317C260-1CBB-4C99-BFF3-52C5FF036338}.Release|x86.Build.0 = Release|Any CPU
	EndGlobalSection
	GlobalSection(SolutionProperties) = preSolution
		HideSolutionNode = FALSE
	EndGlobalSection
	GlobalSection(NestedProjects) = preSolution
		{7C544428-D382-417C-A693-7447AC6E46F6} = {5029FB26-C769-4ABE-9537-CB32201DD97C}
		{368425F8-3D3F-4290-A546-FE50FF6D5561} = {BBA7A03B-170C-45D6-AA3F-A63D9E2C6A21}
		{1317C260-1CBB-4C99-BFF3-52C5FF036338} = {BBA7A03B-170C-45D6-AA3F-A63D9E2C6A21}
	EndGlobalSection
	GlobalSection(ExtensibilityGlobals) = postSolution
		SolutionGuid = {A16A89A6-A105-43C1-95B4-7597B39C6032}
	EndGlobalSection
EndGlobal
